schema: '2.0'
stages:
  import_data:
    cmd: python src/data/import_raw_data.py
    deps:
    - path: src/data/import_raw_data.py
      hash: md5
      md5: 09efc07395b0a71782eff0676bdc71aa
      size: 1707
    outs:
    - path: dvc/data/raw/raw.csv
      hash: md5
      md5: 617b56af2992376d5c3e91ad80823898
      size: 333757
  data_split:
    cmd: python src/data/data_split.py
    deps:
    - path: dvc/data/raw/raw.csv
      hash: md5
      md5: 617b56af2992376d5c3e91ad80823898
      size: 333757
    - path: params.yaml
      hash: md5
      md5: 048ae28e2b265ba76f755c6bf1dc583a
      size: 145
    - path: src/data/data_split.py
      hash: md5
      md5: d5e4e28417cea35362b1d9ba6e4367df
      size: 1411
    outs:
    - path: dvc/data/processed/X_test.csv
      hash: md5
      md5: b2af62a7e108b077aec89fa2622996db
      size: 52624
    - path: dvc/data/processed/X_train.csv
      hash: md5
      md5: 535251fa6c1a1d098cc7a36e0bd62f38
      size: 209468
    - path: dvc/data/processed/y_test.csv
      hash: md5
      md5: a051d29629c8bbb4cfb7e85c7f0315da
      size: 6456
    - path: dvc/data/processed/y_train.csv
      hash: md5
      md5: a9cd9d91da89f732843d72548f64ded3
      size: 25951
  data_normalization:
    cmd: python src/data/normalize.py
    deps:
    - path: dvc/data/processed/X_test.csv
      hash: md5
      md5: b2af62a7e108b077aec89fa2622996db
      size: 52624
    - path: dvc/data/processed/X_train.csv
      hash: md5
      md5: 535251fa6c1a1d098cc7a36e0bd62f38
      size: 209468
    - path: src/data/normalize.py
      hash: md5
      md5: e0c80d8ffc2911d2ba1fe652f5ef18ea
      size: 1021
    outs:
    - path: dvc/data/processed/X_test_scaled.csv
      hash: md5
      md5: 5e079189af6bd091d651a89fafb1c290
      size: 57026
    - path: dvc/data/processed/X_train_scaled.csv
      hash: md5
      md5: c1b80eb7f083888b625dd0369cf381f8
      size: 227497
  gridsearch:
    cmd: python src/models/grid_search.py
    deps:
    - path: dvc/data/processed/X_train_scaled.csv
      hash: md5
      md5: c1b80eb7f083888b625dd0369cf381f8
      size: 227497
    - path: dvc/data/processed/y_train.csv
      hash: md5
      md5: a9cd9d91da89f732843d72548f64ded3
      size: 25951
    - path: params.yaml
      hash: md5
      md5: 048ae28e2b265ba76f755c6bf1dc583a
      size: 145
    - path: src/models/grid_search.py
      hash: md5
      md5: 0fccaf6e4e2fbbb69add908d2e5c1988
      size: 1516
    outs:
    - path: dvc/models/best_params.pkl
      hash: md5
      md5: a3f51b8e2ca564642519fd164a752d2a
      size: 73
  model_training:
    cmd: python src/models/training.py
    deps:
    - path: dvc/data/processed/X_train_scaled.csv
      hash: md5
      md5: c1b80eb7f083888b625dd0369cf381f8
      size: 227497
    - path: dvc/data/processed/y_train.csv
      hash: md5
      md5: a9cd9d91da89f732843d72548f64ded3
      size: 25951
    - path: dvc/models/best_params.pkl
      hash: md5
      md5: a3f51b8e2ca564642519fd164a752d2a
      size: 73
    - path: src/models/training.py
      hash: md5
      md5: f07f354886a8afc13ec33d48ab5c38bc
      size: 943
    outs:
    - path: dvc/models/gbr_model.pkl
      hash: md5
      md5: ff655abb937b9fdd916b42c05f87332b
      size: 1212807
  model_evaluation:
    cmd: python src/models/evaluate.py
    deps:
    - path: dvc/data/processed/X_test_scaled.csv
      hash: md5
      md5: 5e079189af6bd091d651a89fafb1c290
      size: 57026
    - path: dvc/data/processed/y_test.csv
      hash: md5
      md5: a051d29629c8bbb4cfb7e85c7f0315da
      size: 6456
    - path: dvc/models/gbr_model.pkl
      hash: md5
      md5: ff655abb937b9fdd916b42c05f87332b
      size: 1212807
    - path: src/models/evaluate.py
      hash: md5
      md5: d02913ad1df19cdb5007032d2304561b
      size: 1426
    outs:
    - path: dvc/metrics/predictions.csv
      hash: md5
      md5: 547c134dbf89747a652e5f1859c70ad7
      size: 6769
    - path: dvc/metrics/scores.json
      hash: md5
      md5: 3b9ddc17c08ec8458d35d6c2f940a49c
      size: 64
